# This file is automatically @generated by Cargo.
# It is not intended for manual editing.
version = 4

[[package]]
name = "cfg-if"
version = "1.0.4"
source = "registry+https://github.com/rust-lang/crates.io-index"
checksum = "9330f8b2ff13f34540b44e946ef35111825727b38d33286ef986142615121801"

[[package]]
name = "dashu-base"
version = "0.4.3"
source = "registry+https://github.com/rust-lang/crates.io-index"
checksum = "993b95dc1b248e3f5747dcb017a41d6e75853a2e5ee4504f7d537c5b8dffdae4"

[[package]]
name = "dashu-float"
version = "0.4.5"
source = "registry+https://github.com/rust-lang/crates.io-index"
checksum = "779046eff25a959dd58c8d876dc9673ef2eaebd184fadf7313e27f73a10dd9bd"
dependencies = [
 "dashu-base",
 "dashu-int",
 "num-modular",
 "num-order",
 "rustversion",
 "static_assertions",
]

[[package]]
name = "dashu-int"
version = "0.4.3"
source = "registry+https://github.com/rust-lang/crates.io-index"
checksum = "49c05a0d5cb0b39fcc87c46432fdac24b90dce239857c7f6b798be4ffc3c42c6"
dependencies = [
 "cfg-if",
 "dashu-base",
 "num-modular",
 "rustversion",
 "static_assertions",
]

[[package]]
name = "num-modular"
version = "0.6.4"
source = "registry+https://github.com/rust-lang/crates.io-index"
checksum = "fc41a1374056e9672221567958a66c16be12d0e2c1b408761e14d901c237d5e0"

[[package]]
name = "num-order"
version = "1.2.0"
source = "registry+https://github.com/rust-lang/crates.io-index"
checksum = "537b596b97c40fcf8056d153049eb22f481c17ebce72a513ec9286e4986d1bb6"
dependencies = [
 "num-modular",
]

[[package]]
name = "riemannrho"
version = "0.1.0"
dependencies = [
 "dashu-float",
]

[[package]]
name = "rustversion"
version = "1.0.22"
source = "registry+https://github.com/rust-lang/crates.io-index"
checksum = "b39cdef0fa800fc44525c84ccb54a029961a8215f9619753635a9c0d2538d46d"

[[package]]
name = "static_assertions"
version = "1.1.0"
source = "registry+https://github.com/rust-lang/crates.io-index"
checksum = "a2eb9349b6444b326872e140eb1cf5e7c522154d69e7a0ffb0fb81c06b37543f"
